
Microsoft Visual Studio Solution File, Format Version 12.00
# Visual Studio Version 16
VisualStudioVersion = 16.0.31313.79
MinimumVisualStudioVersion = 10.0.40219.1
Project("{9A19103F-16F7-4668-BE54-9A1E7A4F7556}") = "TwitStats", "TwitStats\TwitStats.csproj", "{A0B0A1A9-68AF-4E66-920F-F113A09DEF2F}"
EndProject
Project("{9A19103F-16F7-4668-BE54-9A1E7A4F7556}") = "TwitConsole", "TwitConsole\TwitConsole.csproj", "{B5E2470D-8C02-4797-A3AA-525D14A3A0DE}"
EndProject
Project("{9A19103F-16F7-4668-BE54-9A1E7A4F7556}") = "TwitStream", "TwitStream\TwitStream.csproj", "{DF39FC0C-C77A-4E43-8BD6-8A44623C4001}"
EndProject
Project("{9A19103F-16F7-4668-BE54-9A1E7A4F7556}") = "TwitStream.UnitTests", "TwitStream.UnitTests\TwitStream.UnitTests.csproj", "{6897483B-011B-47BB-B060-7BF714079A0D}"
EndProject
Project("{9A19103F-16F7-4668-BE54-9A1E7A4F7556}") = "TwitStats.UnitTests", "TwitStats.UnitTests\TwitStats.UnitTests.csproj", "{5B305470-67D3-423D-AF31-CEC5CE5E63D8}"
EndProject
Global
	GlobalSection(SolutionConfigurationPlatforms) = preSolution
		Debug|Any CPU = Debug|Any CPU
		Release|Any CPU = Release|Any CPU
	EndGlobalSection
	GlobalSection(ProjectConfigurationPlatforms) = postSolution
		{A0B0A1A9-68AF-4E66-920F-F113A09DEF2F}.Debug|Any CPU.ActiveCfg = Debug|Any CPU
		{A0B0A1A9-68AF-4E66-920F-F113A09DEF2F}.Debug|Any CPU.Build.0 = Debug|Any CPU
		{A0B0A1A9-68AF-4E66-920F-F113A09DEF2F}.Release|Any CPU.ActiveCfg = Release|Any CPU
		{A0B0A1A9-68AF-4E66-920F-F113A09DEF2F}.Release|Any CPU.Build.0 = Release|Any CPU
		{B5E2470D-8C02-4797-A3AA-525D14A3A0DE}.Debug|Any CPU.ActiveCfg = Debug|Any CPU
		{B5E2470D-8C02-4797-A3AA-525D14A3A0DE}.Debug|Any CPU.Build.0 = Debug|Any CPU
		{B5E2470D-8C02-4797-A3AA-525D14A3A0DE}.Release|Any CPU.ActiveCfg = Release|Any CPU
		{B5E2470D-8C02-4797-A3AA-525D14A3A0DE}.Release|Any CPU.Build.0 = Release|Any CPU
		{DF39FC0C-C77A-4E43-8BD6-8A44623C4001}.Debug|Any CPU.ActiveCfg = Debug|Any CPU
		{DF39FC0C-C77A-4E43-8BD6-8A44623C4001}.Debug|Any CPU.Build.0 = Debug|Any CPU
		{DF39FC0C-C77A-4E43-8BD6-8A44623C4001}.Release|Any CPU.ActiveCfg = Release|Any CPU
		{DF39FC0C-C77A-4E43-8BD6-8A44623C4001}.Release|Any CPU.Build.0 = Release|Any CPU
		{6897483B-011B-47BB-B060-7BF714079A0D}.Debug|Any CPU.ActiveCfg = Debug|Any CPU
		{6897483B-011B-47BB-B060-7BF714079A0D}.Debug|Any CPU.Build.0 = Debug|Any CPU
		{6897483B-011B-47BB-B060-7BF714079A0D}.Release|Any CPU.ActiveCfg = Release|Any CPU
		{6897483B-011B-47BB-B060-7BF714079A0D}.Release|Any CPU.Build.0 = Release|Any CPU
		{5B305470-67D3-423D-AF31-CEC5CE5E63D8}.Debug|Any CPU.ActiveCfg = Debug|Any CPU
		{5B305470-67D3-423D-AF31-CEC5CE5E63D8}.Debug|Any CPU.Build.0 = Debug|Any CPU
		{5B305470-67D3-423D-AF31-CEC5CE5E63D8}.Release|Any CPU.ActiveCfg = Release|Any CPU
		{5B305470-67D3-423D-AF31-CEC5CE5E63D8}.Release|Any CPU.Build.0 = Release|Any CPU
	EndGlobalSection
	GlobalSection(SolutionProperties) = preSolution
		HideSolutionNode = FALSE
	EndGlobalSection
	GlobalSection(ExtensibilityGlobals) = postSolution
		SolutionGuid = {B5345A70-EF81-43B6-AD17-7F2EAFDD6208}
	EndGlobalSection
EndGlobal
